
Microsoft Visual Studio Solution File, Format Version 12.00
# Visual Studio 15
VisualStudioVersion = 15.0.28307.779
MinimumVisualStudioVersion = 10.0.40219.1
Project("{FAE04EC0-301F-11D3-BF4B-00C04F79EFBC}") = "ControleDeGastos", "Controle de Gastos\ControleDeGastos.csproj", "{CF549FFC-EA34-460A-870F-2096D9B5C62D}"
EndProject
Project("{FAE04EC0-301F-11D3-BF4B-00C04F79EFBC}") = "DataBase", "DataBase\DataBase.csproj", "{6C3AA980-9EA0-4C7A-8054-70C2C81F7890}"
EndProject
Global
	GlobalSection(SolutionConfigurationPlatforms) = preSolution
		Debug|Any CPU = Debug|Any CPU
		Release|Any CPU = Release|Any CPU
	EndGlobalSection
	GlobalSection(ProjectConfigurationPlatforms) = postSolution
		{CF549FFC-EA34-460A-870F-2096D9B5C62D}.Debug|Any CPU.ActiveCfg = Debug|Any CPU
		{CF549FFC-EA34-460A-870F-2096D9B5C62D}.Debug|Any CPU.Build.0 = Debug|Any CPU
		{CF549FFC-EA34-460A-870F-2096D9B5C62D}.Release|Any CPU.ActiveCfg = Release|Any CPU
		{CF549FFC-EA34-460A-870F-2096D9B5C62D}.Release|Any CPU.Build.0 = Release|Any CPU
		{6C3AA980-9EA0-4C7A-8054-70C2C81F7890}.Debug|Any CPU.ActiveCfg = Debug|Any CPU
		{6C3AA980-9EA0-4C7A-8054-70C2C81F7890}.Debug|Any CPU.Build.0 = Debug|Any CPU
		{6C3AA980-9EA0-4C7A-8054-70C2C81F7890}.Release|Any CPU.ActiveCfg = Release|Any CPU
		{6C3AA980-9EA0-4C7A-8054-70C2C81F7890}.Release|Any CPU.Build.0 = Release|Any CPU
	EndGlobalSection
	GlobalSection(SolutionProperties) = preSolution
		HideSolutionNode = FALSE
	EndGlobalSection
	GlobalSection(ExtensibilityGlobals) = postSolution
		SolutionGuid = {3BE7888E-EDA2-41F2-BE46-737EA08D8B81}
	EndGlobalSection
EndGlobal
